
Microsoft Visual Studio Solution File, Format Version 12.00
# Visual Studio Version 17
VisualStudioVersion = 17.4.33403.182
MinimumVisualStudioVersion = 10.0.40219.1
Project("{8BC9CEB8-8B4A-11D0-8D11-00A0C91BC942}") = "2023_04_24_Practica_010", "2023_04_24_Practica_010.vcxproj", "{F26C6844-651F-44F1-A244-99680EA2E463}"
EndProject
Global
	GlobalSection(SolutionConfigurationPlatforms) = preSolution
		Debug|x64 = Debug|x64
		Debug|x86 = Debug|x86
		Release|x64 = Release|x64
		Release|x86 = Release|x86
	EndGlobalSection
	GlobalSection(ProjectConfigurationPlatforms) = postSolution
		{F26C6844-651F-44F1-A244-99680EA2E463}.Debug|x64.ActiveCfg = Debug|x64
		{F26C6844-651F-44F1-A244-99680EA2E463}.Debug|x64.Build.0 = Debug|x64
		{F26C6844-651F-44F1-A244-99680EA2E463}.Debug|x86.ActiveCfg = Debug|Win32
		{F26C6844-651F-44F1-A244-99680EA2E463}.Debug|x86.Build.0 = Debug|Win32
		{F26C6844-651F-44F1-A244-99680EA2E463}.Release|x64.ActiveCfg = Release|x64
		{F26C6844-651F-44F1-A244-99680EA2E463}.Release|x64.Build.0 = Release|x64
		{F26C6844-651F-44F1-A244-99680EA2E463}.Release|x86.ActiveCfg = Release|Win32
		{F26C6844-651F-44F1-A244-99680EA2E463}.Release|x86.Build.0 = Release|Win32
	EndGlobalSection
	GlobalSection(SolutionProperties) = preSolution
		HideSolutionNode = FALSE
	EndGlobalSection
	GlobalSection(ExtensibilityGlobals) = postSolution
		SolutionGuid = {78F3B3CC-BFCC-4BF5-BDA3-EF9DADB1A68B}
	EndGlobalSection
EndGlobal
